
Microsoft Visual Studio Solution File, Format Version 12.00
# Visual Studio Version 16
VisualStudioVersion = 16.0.31321.278
MinimumVisualStudioVersion = 10.0.40219.1
Project("{FAE04EC0-301F-11D3-BF4B-00C04F79EFBC}") = "WebApp", "WebApp\WebApp.csproj", "{773729C0-4227-4EEA-B75C-BC51F564C3EF}"
EndProject
Global
	GlobalSection(SolutionConfigurationPlatforms) = preSolution
		Debug|Any CPU = Debug|Any CPU
		Release|Any CPU = Release|Any CPU
	EndGlobalSection
	GlobalSection(ProjectConfigurationPlatforms) = postSolution
		{773729C0-4227-4EEA-B75C-BC51F564C3EF}.Debug|Any CPU.ActiveCfg = Debug|Any CPU
		{773729C0-4227-4EEA-B75C-BC51F564C3EF}.Debug|Any CPU.Build.0 = Debug|Any CPU
		{773729C0-4227-4EEA-B75C-BC51F564C3EF}.Release|Any CPU.ActiveCfg = Release|Any CPU
		{773729C0-4227-4EEA-B75C-BC51F564C3EF}.Release|Any CPU.Build.0 = Release|Any CPU
	EndGlobalSection
	GlobalSection(SolutionProperties) = preSolution
		HideSolutionNode = FALSE
	EndGlobalSection
	GlobalSection(ExtensibilityGlobals) = postSolution
		SolutionGuid = {0F0BA75E-89C2-4E8F-80D3-BA149C51BCEE}
	EndGlobalSection
EndGlobal
